{
  "nodes": {
    "lazy": {
      "flake": false,
      "locked": {
        "lastModified": 1721907503,
        "narHash": "sha256-Rd5r7AcdXYJ+gIsvh0N3WIAgg7xXqEVo+62VzIT5QHo=",
        "owner": "folke",
        "repo": "lazy.nvim",
        "rev": "077102c5bfc578693f12377846d427f49bc50076",
        "type": "github"
      },
      "original": {
        "owner": "folke",
        "repo": "lazy.nvim",
        "type": "github"
      }
    },
    "root": {
      "inputs": {
        "lazy": "lazy"
      }
    }
  },
  "root": "root",
  "version": 7
}
